
Microsoft Visual Studio Solution File, Format Version 12.00
# Visual Studio Version 17
VisualStudioVersion = 17.6.33829.357
MinimumVisualStudioVersion = 10.0.40219.1
Project("{FAE04EC0-301F-11D3-BF4B-00C04F79EFBC}") = "Var(Keyword)", "Var(Keyword)\Var(Keyword).csproj", "{EDEA5FE5-D880-4A36-9362-9F3F18F24B80}"
EndProject
Global
	GlobalSection(SolutionConfigurationPlatforms) = preSolution
		Debug|Any CPU = Debug|Any CPU
		Release|Any CPU = Release|Any CPU
	EndGlobalSection
	GlobalSection(ProjectConfigurationPlatforms) = postSolution
		{EDEA5FE5-D880-4A36-9362-9F3F18F24B80}.Debug|Any CPU.ActiveCfg = Debug|Any CPU
		{EDEA5FE5-D880-4A36-9362-9F3F18F24B80}.Debug|Any CPU.Build.0 = Debug|Any CPU
		{EDEA5FE5-D880-4A36-9362-9F3F18F24B80}.Release|Any CPU.ActiveCfg = Release|Any CPU
		{EDEA5FE5-D880-4A36-9362-9F3F18F24B80}.Release|Any CPU.Build.0 = Release|Any CPU
	EndGlobalSection
	GlobalSection(SolutionProperties) = preSolution
		HideSolutionNode = FALSE
	EndGlobalSection
	GlobalSection(ExtensibilityGlobals) = postSolution
		SolutionGuid = {A0A983C5-9C5D-40D8-9B24-C3BE1AA783C7}
	EndGlobalSection
EndGlobal
